
Microsoft Visual Studio Solution File, Format Version 12.00
# Visual Studio Version 16
VisualStudioVersion = 16.0.31729.503
MinimumVisualStudioVersion = 10.0.40219.1
Project("{FAE04EC0-301F-11D3-BF4B-00C04F79EFBC}") = "Proyecto_LaboratorioJARAF", "Proyecto_LaboratorioJARAF\Proyecto_LaboratorioJARAF.csproj", "{7C6BC2FC-7921-4EC7-B840-955DE1F15686}"
EndProject
Global
	GlobalSection(SolutionConfigurationPlatforms) = preSolution
		Debug|Any CPU = Debug|Any CPU
		Release|Any CPU = Release|Any CPU
	EndGlobalSection
	GlobalSection(ProjectConfigurationPlatforms) = postSolution
		{7C6BC2FC-7921-4EC7-B840-955DE1F15686}.Debug|Any CPU.ActiveCfg = Debug|Any CPU
		{7C6BC2FC-7921-4EC7-B840-955DE1F15686}.Debug|Any CPU.Build.0 = Debug|Any CPU
		{7C6BC2FC-7921-4EC7-B840-955DE1F15686}.Release|Any CPU.ActiveCfg = Release|Any CPU
		{7C6BC2FC-7921-4EC7-B840-955DE1F15686}.Release|Any CPU.Build.0 = Release|Any CPU
	EndGlobalSection
	GlobalSection(SolutionProperties) = preSolution
		HideSolutionNode = FALSE
	EndGlobalSection
	GlobalSection(ExtensibilityGlobals) = postSolution
		SolutionGuid = {8521CB43-5699-4A73-85BA-AF80DCB5DB84}
	EndGlobalSection
EndGlobal
